{
  "version": 4,
  "terraform_version": "0.12.3",
  "serial": 104,
  "lineage": "12a856cd-c2f2-e700-4af6-eb5c47253b65",
  "outputs": {
    "Apache_server_ip": {
      "value": "10.0.0.77",
      "type": "string"
    },
    "LB_DNS_NAME": {
      "value": "pgpcc-capston-570937511.us-east-1.elb.amazonaws.com",
      "type": "string"
    },
    "bastion_ip_us": {
      "value": "3.220.91.193",
      "type": "string"
    },
    "private_subnets": {
      "value": [
        "subnet-04a7c194d9f04b790",
        "subnet-0ca88766a77bb9963",
        "subnet-053ba2cb6a50dff25"
      ],
      "type": [
        "tuple",
        [
          "string",
          "string",
          "string"
        ]
      ]
    },
    "public_subnets": {
      "value": [
        "subnet-01811508bd9ccb7db",
        "subnet-0e07ff0e956229cda"
      ],
      "type": [
        "tuple",
        [
          "string",
          "string"
        ]
      ]
    }
  },
  "resources": [
    {
      "module": "module.eks-bastion-us",
      "mode": "data",
      "type": "aws_ami",
      "name": "centos7_ami",
      "provider": "module.eks-bastion-us.provider.aws",
      "instances": [
        {
          "schema_version": 0,
          "attributes": {
            "architecture": "x86_64",
            "block_device_mappings": [
              {
                "device_name": "/dev/sda1",
                "ebs": {
                  "delete_on_termination": "false",
                  "encrypted": "false",
                  "iops": "0",
                  "snapshot_id": "snap-010d360e3cba720ba",
                  "volume_size": "8",
                  "volume_type": "gp2"
                },
                "no_device": "",
                "virtual_name": ""
              }
            ],
            "creation_date": "2019-01-30T23:40:58.000Z",
            "description": "CentOS Linux 7 x86_64 HVM EBS ENA 1901_01",
            "executable_users": null,
            "filter": [
              {
                "name": "creation-date",
                "values": [
                  "2019-01-30*"
                ]
              },
              {
                "name": "product-code",
                "values": [
                  "aw0evgkw8e5c1q413zgy5pjce"
                ]
              }
            ],
            "hypervisor": "xen",
            "id": "ami-02eac2c0129f6376b",
            "image_id": "ami-02eac2c0129f6376b",
            "image_location": "aws-marketplace/CentOS Linux 7 x86_64 HVM EBS ENA 1901_01-b7ee8a69-ee97-4a49-9e68-afaee216db2e-ami-05713873c6794f575.4",
            "image_owner_alias": "aws-marketplace",
            "image_type": "machine",
            "kernel_id": null,
            "most_recent": true,
            "name": "CentOS Linux 7 x86_64 HVM EBS ENA 1901_01-b7ee8a69-ee97-4a49-9e68-afaee216db2e-ami-05713873c6794f575.4",
            "name_regex": null,
            "owner_id": "679593333241",
            "owners": [
              "aws-marketplace"
            ],
            "platform": null,
            "product_codes": [
              {
                "product_code_id": "aw0evgkw8e5c1q413zgy5pjce",
                "product_code_type": "marketplace"
              }
            ],
            "public": true,
            "ramdisk_id": null,
            "root_device_name": "/dev/sda1",
            "root_device_type": "ebs",
            "root_snapshot_id": "snap-010d360e3cba720ba",
            "sriov_net_support": "simple",
            "state": "available",
            "state_reason": {
              "code": "UNSET",
              "message": "UNSET"
            },
            "tags": {},
            "virtualization_type": "hvm"
          }
        }
      ]
    },
    {
      "module": "module.apache-server",
      "mode": "data",
      "type": "aws_ami",
      "name": "centos7_ami",
      "provider": "module.apache-server.provider.aws",
      "instances": [
        {
          "schema_version": 0,
          "attributes": {
            "architecture": "x86_64",
            "block_device_mappings": [
              {
                "device_name": "/dev/sda1",
                "ebs": {
                  "delete_on_termination": "false",
                  "encrypted": "false",
                  "iops": "0",
                  "snapshot_id": "snap-010d360e3cba720ba",
                  "volume_size": "8",
                  "volume_type": "gp2"
                },
                "no_device": "",
                "virtual_name": ""
              }
            ],
            "creation_date": "2019-01-30T23:40:58.000Z",
            "description": "CentOS Linux 7 x86_64 HVM EBS ENA 1901_01",
            "executable_users": null,
            "filter": [
              {
                "name": "creation-date",
                "values": [
                  "2019-01-30*"
                ]
              },
              {
                "name": "product-code",
                "values": [
                  "aw0evgkw8e5c1q413zgy5pjce"
                ]
              }
            ],
            "hypervisor": "xen",
            "id": "ami-02eac2c0129f6376b",
            "image_id": "ami-02eac2c0129f6376b",
            "image_location": "aws-marketplace/CentOS Linux 7 x86_64 HVM EBS ENA 1901_01-b7ee8a69-ee97-4a49-9e68-afaee216db2e-ami-05713873c6794f575.4",
            "image_owner_alias": "aws-marketplace",
            "image_type": "machine",
            "kernel_id": null,
            "most_recent": true,
            "name": "CentOS Linux 7 x86_64 HVM EBS ENA 1901_01-b7ee8a69-ee97-4a49-9e68-afaee216db2e-ami-05713873c6794f575.4",
            "name_regex": null,
            "owner_id": "679593333241",
            "owners": [
              "aws-marketplace"
            ],
            "platform": null,
            "product_codes": [
              {
                "product_code_id": "aw0evgkw8e5c1q413zgy5pjce",
                "product_code_type": "marketplace"
              }
            ],
            "public": true,
            "ramdisk_id": null,
            "root_device_name": "/dev/sda1",
            "root_device_type": "ebs",
            "root_snapshot_id": "snap-010d360e3cba720ba",
            "sriov_net_support": "simple",
            "state": "available",
            "state_reason": {
              "code": "UNSET",
              "message": "UNSET"
            },
            "tags": {},
            "virtualization_type": "hvm"
          }
        }
      ]
    },
    {
      "module": "module.apache-server",
      "mode": "data",
      "type": "aws_ami",
      "name": "ubuntu",
      "provider": "module.apache-server.provider.aws",
      "instances": [
        {
          "schema_version": 0,
          "attributes": {
            "architecture": "x86_64",
            "block_device_mappings": [
              {
                "device_name": "/dev/sda1",
                "ebs": {
                  "delete_on_termination": "true",
                  "encrypted": "false",
                  "iops": "0",
                  "snapshot_id": "snap-02ad9a799e1759d70",
                  "volume_size": "8",
                  "volume_type": "gp2"
                },
                "no_device": "",
                "virtual_name": ""
              },
              {
                "device_name": "/dev/sdb",
                "ebs": {},
                "no_device": "",
                "virtual_name": "ephemeral0"
              },
              {
                "device_name": "/dev/sdc",
                "ebs": {},
                "no_device": "",
                "virtual_name": "ephemeral1"
              }
            ],
            "creation_date": "2019-07-01T16:58:33.000Z",
            "description": "Canonical, Ubuntu, 16.04 LTS, amd64 xenial image build on 2019-06-28",
            "executable_users": null,
            "filter": [
              {
                "name": "name",
                "values": [
                  "ubuntu/images/hvm-ssd/ubuntu-xenial-16.04-amd64-server-*"
                ]
              },
              {
                "name": "virtualization-type",
                "values": [
                  "hvm"
                ]
              }
            ],
            "hypervisor": "xen",
            "id": "ami-0cfee17793b08a293",
            "image_id": "ami-0cfee17793b08a293",
            "image_location": "099720109477/ubuntu/images/hvm-ssd/ubuntu-xenial-16.04-amd64-server-20190628",
            "image_owner_alias": null,
            "image_type": "machine",
            "kernel_id": null,
            "most_recent": true,
            "name": "ubuntu/images/hvm-ssd/ubuntu-xenial-16.04-amd64-server-20190628",
            "name_regex": null,
            "owner_id": "099720109477",
            "owners": [
              "099720109477"
            ],
            "platform": null,
            "product_codes": [],
            "public": true,
            "ramdisk_id": null,
            "root_device_name": "/dev/sda1",
            "root_device_type": "ebs",
            "root_snapshot_id": "snap-02ad9a799e1759d70",
            "sriov_net_support": "simple",
            "state": "available",
            "state_reason": {
              "code": "UNSET",
              "message": "UNSET"
            },
            "tags": {},
            "virtualization_type": "hvm"
          }
        }
      ]
    },
    {
      "module": "module.eks-bastion-us",
      "mode": "data",
      "type": "aws_availability_zones",
      "name": "available",
      "provider": "module.eks-bastion-us.provider.aws",
      "instances": [
        {
          "schema_version": 0,
          "attributes": {
            "blacklisted_names": null,
            "blacklisted_zone_ids": null,
            "id": "2019-07-17 10:02:52.230066 +0000 UTC",
            "names": [
              "us-east-1a",
              "us-east-1b",
              "us-east-1c",
              "us-east-1d",
              "us-east-1e",
              "us-east-1f"
            ],
            "state": null,
            "zone_ids": [
              "use1-az6",
              "use1-az1",
              "use1-az2",
              "use1-az4",
              "use1-az3",
              "use1-az5"
            ]
          }
        }
      ]
    },
    {
      "module": "module.apache-server",
      "mode": "data",
      "type": "aws_availability_zones",
      "name": "available",
      "provider": "module.apache-server.provider.aws",
      "instances": [
        {
          "schema_version": 0,
          "attributes": {
            "blacklisted_names": null,
            "blacklisted_zone_ids": null,
            "id": "2019-07-17 10:02:52.215768 +0000 UTC",
            "names": [
              "us-east-1a",
              "us-east-1b",
              "us-east-1c",
              "us-east-1d",
              "us-east-1e",
              "us-east-1f"
            ],
            "state": null,
            "zone_ids": [
              "use1-az6",
              "use1-az1",
              "use1-az2",
              "use1-az4",
              "use1-az3",
              "use1-az5"
            ]
          }
        }
      ]
    },
    {
      "module": "module.vpc-us",
      "mode": "data",
      "type": "aws_availability_zones",
      "name": "available",
      "provider": "module.vpc-us.provider.aws",
      "instances": [
        {
          "schema_version": 0,
          "attributes": {
            "blacklisted_names": null,
            "blacklisted_zone_ids": null,
            "id": "2019-07-17 10:02:52.198652 +0000 UTC",
            "names": [
              "us-east-1a",
              "us-east-1b",
              "us-east-1c",
              "us-east-1d",
              "us-east-1e",
              "us-east-1f"
            ],
            "state": null,
            "zone_ids": [
              "use1-az6",
              "use1-az1",
              "use1-az2",
              "use1-az4",
              "use1-az3",
              "use1-az5"
            ]
          }
        }
      ]
    },
    {
      "module": "module.eks-bastion-us",
      "mode": "managed",
      "type": "aws_eip",
      "name": "bastion-eip",
      "provider": "module.eks-bastion-us.provider.aws",
      "instances": [
        {
          "schema_version": 0,
          "attributes": {
            "allocation_id": null,
            "associate_with_private_ip": null,
            "association_id": "eipassoc-010d2b8792c6e75cc",
            "domain": "vpc",
            "id": "eipalloc-0c431e6ae5475f8d5",
            "instance": "i-03aca31a9b9d7f029",
            "network_interface": "eni-0621f2464d3e2bdbf",
            "private_dns": "ip-10-0-3-122.ec2.internal",
            "private_ip": "10.0.3.122",
            "public_dns": "ec2-3-220-91-193.compute-1.amazonaws.com",
            "public_ip": "3.220.91.193",
            "public_ipv4_pool": "amazon",
            "tags": {},
            "timeouts": null,
            "vpc": true
          },
          "private": "eyJlMmJmYjczMC1lY2FhLTExZTYtOGY4OC0zNDM2M2JjN2M0YzAiOnsiZGVsZXRlIjoxODAwMDAwMDAwMDAsInJlYWQiOjkwMDAwMDAwMDAwMCwidXBkYXRlIjozMDAwMDAwMDAwMDB9fQ==",
          "depends_on": [
            "aws_instance.bastion-pgpcc-capston-infra"
          ]
        }
      ]
    },
    {
      "module": "module.vpc-us",
      "mode": "managed",
      "type": "aws_eip",
      "name": "nat",
      "each": "list",
      "provider": "module.vpc-us.provider.aws",
      "instances": [
        {
          "index_key": 0,
          "schema_version": 0,
          "attributes": {
            "allocation_id": null,
            "associate_with_private_ip": null,
            "association_id": "eipassoc-02ad1721610cc7981",
            "domain": "vpc",
            "id": "eipalloc-0f41efaeb49f68ebc",
            "instance": "",
            "network_interface": "eni-0c51512f16b16213f",
            "private_dns": "ip-10-0-3-162.ec2.internal",
            "private_ip": "10.0.3.162",
            "public_dns": "ec2-3-210-115-197.compute-1.amazonaws.com",
            "public_ip": "3.210.115.197",
            "public_ipv4_pool": "amazon",
            "tags": {
              "Name": "eip_for-nat_gateway-VPC-10.0.0.0/16"
            },
            "timeouts": null,
            "vpc": true
          },
          "private": "eyJlMmJmYjczMC1lY2FhLTExZTYtOGY4OC0zNDM2M2JjN2M0YzAiOnsiZGVsZXRlIjoxODAwMDAwMDAwMDAsInJlYWQiOjkwMDAwMDAwMDAwMCwidXBkYXRlIjozMDAwMDAwMDAwMDB9fQ==",
          "depends_on": [
            "aws_internet_gateway.capston-igw"
          ]
        },
        {
          "index_key": 1,
          "schema_version": 0,
          "attributes": {
            "allocation_id": null,
            "associate_with_private_ip": null,
            "association_id": "eipassoc-086072d177a413c56",
            "domain": "vpc",
            "id": "eipalloc-0a2f6067406d9b8ca",
            "instance": "",
            "network_interface": "eni-07524c53103addb5f",
            "private_dns": "ip-10-0-4-63.ec2.internal",
            "private_ip": "10.0.4.63",
            "public_dns": "ec2-3-219-111-215.compute-1.amazonaws.com",
            "public_ip": "3.219.111.215",
            "public_ipv4_pool": "amazon",
            "tags": {
              "Name": "eip_for-nat_gateway-VPC-10.0.0.0/16"
            },
            "timeouts": null,
            "vpc": true
          },
          "private": "eyJlMmJmYjczMC1lY2FhLTExZTYtOGY4OC0zNDM2M2JjN2M0YzAiOnsiZGVsZXRlIjoxODAwMDAwMDAwMDAsInJlYWQiOjkwMDAwMDAwMDAwMCwidXBkYXRlIjozMDAwMDAwMDAwMDB9fQ==",
          "depends_on": [
            "aws_internet_gateway.capston-igw"
          ]
        }
      ]
    },
    {
      "module": "module.apache-server",
      "mode": "managed",
      "type": "aws_instance",
      "name": "apache-server",
      "provider": "module.apache-server.provider.aws",
      "instances": [
        {
          "schema_version": 1,
          "attributes": {
            "ami": "ami-02eac2c0129f6376b",
            "arn": "arn:aws:ec2:us-east-1:494225612607:instance/i-0f2bbbd0eb5e2d857",
            "associate_public_ip_address": false,
            "availability_zone": "us-east-1a",
            "cpu_core_count": 1,
            "cpu_threads_per_core": 1,
            "credit_specification": [
              {
                "cpu_credits": "standard"
              }
            ],
            "disable_api_termination": false,
            "ebs_block_device": [],
            "ebs_optimized": false,
            "ephemeral_block_device": [],
            "get_password_data": false,
            "host_id": null,
            "iam_instance_profile": "",
            "id": "i-0f2bbbd0eb5e2d857",
            "instance_initiated_shutdown_behavior": null,
            "instance_state": "running",
            "instance_type": "t2.micro",
            "ipv6_address_count": 0,
            "ipv6_addresses": [],
            "key_name": "pgpcc_capston-us",
            "monitoring": false,
            "network_interface": [],
            "network_interface_id": null,
            "password_data": "",
            "placement_group": "",
            "primary_network_interface_id": "eni-0589d1f97de73ee6b",
            "private_dns": "ip-10-0-0-77.ec2.internal",
            "private_ip": "10.0.0.77",
            "public_dns": "",
            "public_ip": "",
            "root_block_device": [
              {
                "delete_on_termination": false,
                "iops": 100,
                "volume_id": "vol-05ce19d18e46f85bf",
                "volume_size": 8,
                "volume_type": "gp2"
              }
            ],
            "security_groups": [
              "sg-06a393f2221ac1db2"
            ],
            "source_dest_check": true,
            "subnet_id": "subnet-04a7c194d9f04b790",
            "tags": {
              "Name": "apache-pgpcc-capston-infra-us-east-1",
              "Region": "us-east-1",
              "Stack": "PGPCC CAPSTON"
            },
            "tenancy": "default",
            "timeouts": null,
            "user_data": "1c5a13ffb0c590c03aa9a15a6946004353402d3a",
            "user_data_base64": null,
            "volume_tags": {},
            "vpc_security_group_ids": [
              "sg-06a393f2221ac1db2"
            ]
          },
          "private": "eyJlMmJmYjczMC1lY2FhLTExZTYtOGY4OC0zNDM2M2JjN2M0YzAiOnsiY3JlYXRlIjo2MDAwMDAwMDAwMDAsImRlbGV0ZSI6MTIwMDAwMDAwMDAwMCwidXBkYXRlIjo2MDAwMDAwMDAwMDB9LCJzY2hlbWFfdmVyc2lvbiI6IjEifQ==",
          "depends_on": [
            "aws_security_group.apache-server-sg",
            "data.aws_ami.centos7_ami",
            "data.aws_availability_zones.available"
          ]
        }
      ]
    },
    {
      "module": "module.eks-bastion-us",
      "mode": "managed",
      "type": "aws_instance",
      "name": "bastion-pgpcc-capston-infra",
      "provider": "module.eks-bastion-us.provider.aws",
      "instances": [
        {
          "schema_version": 1,
          "attributes": {
            "ami": "ami-02eac2c0129f6376b",
            "arn": "arn:aws:ec2:us-east-1:494225612607:instance/i-03aca31a9b9d7f029",
            "associate_public_ip_address": false,
            "availability_zone": "us-east-1a",
            "cpu_core_count": 1,
            "cpu_threads_per_core": 1,
            "credit_specification": [
              {
                "cpu_credits": "standard"
              }
            ],
            "disable_api_termination": false,
            "ebs_block_device": [],
            "ebs_optimized": false,
            "ephemeral_block_device": [],
            "get_password_data": false,
            "host_id": null,
            "iam_instance_profile": "",
            "id": "i-03aca31a9b9d7f029",
            "instance_initiated_shutdown_behavior": null,
            "instance_state": "running",
            "instance_type": "t2.micro",
            "ipv6_address_count": 0,
            "ipv6_addresses": [],
            "key_name": "pgpcc_capston-us",
            "monitoring": false,
            "network_interface": [],
            "network_interface_id": null,
            "password_data": "",
            "placement_group": "",
            "primary_network_interface_id": "eni-0621f2464d3e2bdbf",
            "private_dns": "ip-10-0-3-122.ec2.internal",
            "private_ip": "10.0.3.122",
            "public_dns": "",
            "public_ip": "",
            "root_block_device": [
              {
                "delete_on_termination": false,
                "iops": 100,
                "volume_id": "vol-0608b69360f26e95e",
                "volume_size": 8,
                "volume_type": "gp2"
              }
            ],
            "security_groups": [
              "sg-00dfc377fc3b17569"
            ],
            "source_dest_check": true,
            "subnet_id": "subnet-01811508bd9ccb7db",
            "tags": {
              "Name": "bastion-pgpcc-capston-infra-us-east-1",
              "Region": "us-east-1",
              "Stack": "PGPCC CAPSTON"
            },
            "tenancy": "default",
            "timeouts": null,
            "user_data": null,
            "user_data_base64": null,
            "volume_tags": {},
            "vpc_security_group_ids": [
              "sg-00dfc377fc3b17569"
            ]
          },
          "private": "eyJlMmJmYjczMC1lY2FhLTExZTYtOGY4OC0zNDM2M2JjN2M0YzAiOnsiY3JlYXRlIjo2MDAwMDAwMDAwMDAsImRlbGV0ZSI6MTIwMDAwMDAwMDAwMCwidXBkYXRlIjo2MDAwMDAwMDAwMDB9LCJzY2hlbWFfdmVyc2lvbiI6IjEifQ==",
          "depends_on": [
            "aws_security_group.bastion-sg",
            "data.aws_ami.centos7_ami",
            "data.aws_availability_zones.available"
          ]
        }
      ]
    },
    {
      "module": "module.vpc-us",
      "mode": "managed",
      "type": "aws_internet_gateway",
      "name": "capston-igw",
      "provider": "module.vpc-us.provider.aws",
      "instances": [
        {
          "schema_version": 0,
          "attributes": {
            "id": "igw-054ce8c9e56c24daf",
            "owner_id": "494225612607",
            "tags": {
              "Name": "us-east-1-igw"
            },
            "vpc_id": "vpc-09ef29d809c36596d"
          },
          "private": "bnVsbA==",
          "depends_on": [
            "aws_vpc.pgpcc-capston-infra"
          ]
        }
      ]
    },
    {
      "module": "module.apache-lb",
      "mode": "managed",
      "type": "aws_lb",
      "name": "alb",
      "provider": "provider.aws",
      "instances": [
        {
          "schema_version": 0,
          "attributes": {
            "access_logs": [
              {
                "bucket": "",
                "enabled": false,
                "prefix": ""
              }
            ],
            "arn": "arn:aws:elasticloadbalancing:us-east-1:494225612607:loadbalancer/app/pgpcc-capston/4437622b03f36f10",
            "arn_suffix": "app/pgpcc-capston/4437622b03f36f10",
            "dns_name": "pgpcc-capston-570937511.us-east-1.elb.amazonaws.com",
            "enable_cross_zone_load_balancing": null,
            "enable_deletion_protection": false,
            "enable_http2": true,
            "id": "arn:aws:elasticloadbalancing:us-east-1:494225612607:loadbalancer/app/pgpcc-capston/4437622b03f36f10",
            "idle_timeout": 60,
            "internal": false,
            "ip_address_type": "ipv4",
            "load_balancer_type": "application",
            "name": "pgpcc-capston",
            "name_prefix": null,
            "security_groups": [
              "sg-0267a6f9340d76ad8"
            ],
            "subnet_mapping": [
              {
                "allocation_id": "",
                "subnet_id": "subnet-01811508bd9ccb7db"
              },
              {
                "allocation_id": "",
                "subnet_id": "subnet-0e07ff0e956229cda"
              }
            ],
            "subnets": [
              "subnet-01811508bd9ccb7db",
              "subnet-0e07ff0e956229cda"
            ],
            "tags": {
              "Environment": "PGPCC",
              "Stack": "PGPCC CAPSTON"
            },
            "timeouts": null,
            "vpc_id": "vpc-09ef29d809c36596d",
            "zone_id": "Z35SXDOTRQ7X7K"
          },
          "private": "eyJlMmJmYjczMC1lY2FhLTExZTYtOGY4OC0zNDM2M2JjN2M0YzAiOnsiY3JlYXRlIjo2MDAwMDAwMDAwMDAsImRlbGV0ZSI6NjAwMDAwMDAwMDAwLCJ1cGRhdGUiOjYwMDAwMDAwMDAwMH19",
          "depends_on": [
            "aws_security_group.lb_security_group"
          ]
        }
      ]
    },
    {
      "module": "module.apache-lb",
      "mode": "managed",
      "type": "aws_lb_listener",
      "name": "lb-listener",
      "provider": "provider.aws",
      "instances": [
        {
          "schema_version": 0,
          "attributes": {
            "arn": "arn:aws:elasticloadbalancing:us-east-1:494225612607:listener/app/pgpcc-capston/4437622b03f36f10/8845fa39e78862a8",
            "certificate_arn": null,
            "default_action": [
              {
                "authenticate_cognito": [],
                "authenticate_oidc": [],
                "fixed_response": [],
                "order": 1,
                "redirect": [],
                "target_group_arn": "arn:aws:elasticloadbalancing:us-east-1:494225612607:targetgroup/pgpcc-capston-alb-tg/cc0ac4533d90e1d2",
                "type": "forward"
              }
            ],
            "id": "arn:aws:elasticloadbalancing:us-east-1:494225612607:listener/app/pgpcc-capston/4437622b03f36f10/8845fa39e78862a8",
            "load_balancer_arn": "arn:aws:elasticloadbalancing:us-east-1:494225612607:loadbalancer/app/pgpcc-capston/4437622b03f36f10",
            "port": 80,
            "protocol": "HTTP",
            "ssl_policy": "",
            "timeouts": null
          },
          "private": "eyJlMmJmYjczMC1lY2FhLTExZTYtOGY4OC0zNDM2M2JjN2M0YzAiOnsicmVhZCI6NjAwMDAwMDAwMDAwfX0=",
          "depends_on": [
            "aws_lb.alb",
            "aws_lb_target_group.alb_tg"
          ]
        }
      ]
    },
    {
      "module": "module.apache-lb",
      "mode": "managed",
      "type": "aws_lb_target_group",
      "name": "alb_tg",
      "provider": "provider.aws",
      "instances": [
        {
          "schema_version": 0,
          "attributes": {
            "arn": "arn:aws:elasticloadbalancing:us-east-1:494225612607:targetgroup/pgpcc-capston-alb-tg/cc0ac4533d90e1d2",
            "arn_suffix": "targetgroup/pgpcc-capston-alb-tg/cc0ac4533d90e1d2",
            "deregistration_delay": 300,
            "health_check": [
              {
                "enabled": true,
                "healthy_threshold": 5,
                "interval": 30,
                "matcher": "200",
                "path": "/",
                "port": "traffic-port",
                "protocol": "HTTP",
                "timeout": 5,
                "unhealthy_threshold": 2
              }
            ],
            "id": "arn:aws:elasticloadbalancing:us-east-1:494225612607:targetgroup/pgpcc-capston-alb-tg/cc0ac4533d90e1d2",
            "lambda_multi_value_headers_enabled": false,
            "name": "pgpcc-capston-alb-tg",
            "name_prefix": null,
            "port": 80,
            "protocol": "HTTP",
            "proxy_protocol_v2": false,
            "slow_start": 0,
            "stickiness": [
              {
                "cookie_duration": 86400,
                "enabled": false,
                "type": "lb_cookie"
              }
            ],
            "tags": {},
            "target_type": "instance",
            "vpc_id": "vpc-09ef29d809c36596d"
          },
          "private": "bnVsbA=="
        }
      ]
    },
    {
      "module": "module.apache-lb",
      "mode": "managed",
      "type": "aws_lb_target_group_attachment",
      "name": "tg_attach",
      "provider": "provider.aws",
      "instances": [
        {
          "schema_version": 0,
          "attributes": {
            "availability_zone": null,
            "id": "arn:aws:elasticloadbalancing:us-east-1:494225612607:targetgroup/pgpcc-capston-alb-tg/cc0ac4533d90e1d2-20190717100417855900000001",
            "port": 80,
            "target_group_arn": "arn:aws:elasticloadbalancing:us-east-1:494225612607:targetgroup/pgpcc-capston-alb-tg/cc0ac4533d90e1d2",
            "target_id": "i-0f2bbbd0eb5e2d857"
          },
          "private": "bnVsbA==",
          "depends_on": [
            "aws_lb_target_group.alb_tg"
          ]
        }
      ]
    },
    {
      "module": "module.vpc-us",
      "mode": "managed",
      "type": "aws_nat_gateway",
      "name": "nat",
      "each": "list",
      "provider": "module.vpc-us.provider.aws",
      "instances": [
        {
          "index_key": 0,
          "schema_version": 0,
          "attributes": {
            "allocation_id": "eipalloc-0f41efaeb49f68ebc",
            "id": "nat-020ebfd58d6cbbdf2",
            "network_interface_id": "eni-0c51512f16b16213f",
            "private_ip": "10.0.3.162",
            "public_ip": "3.210.115.197",
            "subnet_id": "subnet-01811508bd9ccb7db",
            "tags": {}
          },
          "private": "bnVsbA==",
          "depends_on": [
            "aws_eip.nat",
            "aws_internet_gateway.capston-igw",
            "aws_subnet.public_subnet"
          ]
        },
        {
          "index_key": 1,
          "schema_version": 0,
          "attributes": {
            "allocation_id": "eipalloc-0a2f6067406d9b8ca",
            "id": "nat-0ae45d8fc5713c121",
            "network_interface_id": "eni-07524c53103addb5f",
            "private_ip": "10.0.4.63",
            "public_ip": "3.219.111.215",
            "subnet_id": "subnet-0e07ff0e956229cda",
            "tags": {}
          },
          "private": "bnVsbA==",
          "depends_on": [
            "aws_eip.nat",
            "aws_internet_gateway.capston-igw",
            "aws_subnet.public_subnet"
          ]
        }
      ]
    },
    {
      "module": "module.vpc-us",
      "mode": "managed",
      "type": "aws_route_table",
      "name": "private_route_table",
      "each": "list",
      "provider": "module.vpc-us.provider.aws",
      "instances": [
        {
          "index_key": 0,
          "schema_version": 0,
          "attributes": {
            "id": "rtb-030a84f8a60169770",
            "owner_id": "494225612607",
            "propagating_vgws": [],
            "route": [
              {
                "cidr_block": "0.0.0.0/0",
                "egress_only_gateway_id": "",
                "gateway_id": "",
                "instance_id": "",
                "ipv6_cidr_block": "",
                "nat_gateway_id": "nat-020ebfd58d6cbbdf2",
                "network_interface_id": "",
                "transit_gateway_id": "",
                "vpc_peering_connection_id": ""
              }
            ],
            "tags": {
              "Name": "Private route table"
            },
            "vpc_id": "vpc-09ef29d809c36596d"
          },
          "private": "bnVsbA==",
          "depends_on": [
            "aws_nat_gateway.nat",
            "aws_vpc.pgpcc-capston-infra"
          ]
        },
        {
          "index_key": 1,
          "schema_version": 0,
          "attributes": {
            "id": "rtb-061e7aadfd536a0dc",
            "owner_id": "494225612607",
            "propagating_vgws": [],
            "route": [
              {
                "cidr_block": "0.0.0.0/0",
                "egress_only_gateway_id": "",
                "gateway_id": "",
                "instance_id": "",
                "ipv6_cidr_block": "",
                "nat_gateway_id": "nat-0ae45d8fc5713c121",
                "network_interface_id": "",
                "transit_gateway_id": "",
                "vpc_peering_connection_id": ""
              }
            ],
            "tags": {
              "Name": "Private route table"
            },
            "vpc_id": "vpc-09ef29d809c36596d"
          },
          "private": "bnVsbA==",
          "depends_on": [
            "aws_nat_gateway.nat",
            "aws_vpc.pgpcc-capston-infra"
          ]
        }
      ]
    },
    {
      "module": "module.vpc-us",
      "mode": "managed",
      "type": "aws_route_table",
      "name": "public",
      "provider": "module.vpc-us.provider.aws",
      "instances": [
        {
          "schema_version": 0,
          "attributes": {
            "id": "rtb-033fe8a864b92985b",
            "owner_id": "494225612607",
            "propagating_vgws": [],
            "route": [
              {
                "cidr_block": "0.0.0.0/0",
                "egress_only_gateway_id": "",
                "gateway_id": "igw-054ce8c9e56c24daf",
                "instance_id": "",
                "ipv6_cidr_block": "",
                "nat_gateway_id": "",
                "network_interface_id": "",
                "transit_gateway_id": "",
                "vpc_peering_connection_id": ""
              }
            ],
            "tags": {},
            "vpc_id": "vpc-09ef29d809c36596d"
          },
          "private": "bnVsbA==",
          "depends_on": [
            "aws_internet_gateway.capston-igw",
            "aws_vpc.pgpcc-capston-infra"
          ]
        }
      ]
    },
    {
      "module": "module.vpc-us",
      "mode": "managed",
      "type": "aws_route_table_association",
      "name": "eks_private",
      "each": "list",
      "provider": "module.vpc-us.provider.aws",
      "instances": [
        {
          "index_key": 0,
          "schema_version": 0,
          "attributes": {
            "id": "rtbassoc-060ac088280c90e3d",
            "route_table_id": "rtb-030a84f8a60169770",
            "subnet_id": "subnet-04a7c194d9f04b790"
          },
          "private": "bnVsbA==",
          "depends_on": [
            "aws_route_table.private_route_table",
            "aws_subnet.private_subnets"
          ]
        },
        {
          "index_key": 1,
          "schema_version": 0,
          "attributes": {
            "id": "rtbassoc-0791dbf64c97446cc",
            "route_table_id": "rtb-061e7aadfd536a0dc",
            "subnet_id": "subnet-0ca88766a77bb9963"
          },
          "private": "bnVsbA==",
          "depends_on": [
            "aws_route_table.private_route_table",
            "aws_subnet.private_subnets"
          ]
        },
        {
          "index_key": 2,
          "schema_version": 0,
          "attributes": {
            "id": "rtbassoc-0d60ef9f265d1bde2",
            "route_table_id": "rtb-030a84f8a60169770",
            "subnet_id": "subnet-053ba2cb6a50dff25"
          },
          "private": "bnVsbA==",
          "depends_on": [
            "aws_route_table.private_route_table",
            "aws_subnet.private_subnets"
          ]
        }
      ]
    },
    {
      "module": "module.vpc-us",
      "mode": "managed",
      "type": "aws_route_table_association",
      "name": "public_route_table_association",
      "each": "list",
      "provider": "module.vpc-us.provider.aws",
      "instances": [
        {
          "index_key": 0,
          "schema_version": 0,
          "attributes": {
            "id": "rtbassoc-028eccf59a9f73534",
            "route_table_id": "rtb-033fe8a864b92985b",
            "subnet_id": "subnet-01811508bd9ccb7db"
          },
          "private": "bnVsbA==",
          "depends_on": [
            "aws_route_table.public",
            "aws_subnet.public_subnet"
          ]
        },
        {
          "index_key": 1,
          "schema_version": 0,
          "attributes": {
            "id": "rtbassoc-02ee6e7279b039586",
            "route_table_id": "rtb-033fe8a864b92985b",
            "subnet_id": "subnet-0e07ff0e956229cda"
          },
          "private": "bnVsbA==",
          "depends_on": [
            "aws_route_table.public",
            "aws_subnet.public_subnet"
          ]
        }
      ]
    },
    {
      "module": "module.apache-server",
      "mode": "managed",
      "type": "aws_security_group",
      "name": "apache-server-sg",
      "provider": "module.apache-server.provider.aws",
      "instances": [
        {
          "schema_version": 1,
          "attributes": {
            "arn": "arn:aws:ec2:us-east-1:494225612607:security-group/sg-06a393f2221ac1db2",
            "description": "Managed by Terraform",
            "egress": [
              {
                "cidr_blocks": [
                  "0.0.0.0/0"
                ],
                "description": "",
                "from_port": 0,
                "ipv6_cidr_blocks": [],
                "prefix_list_ids": [],
                "protocol": "-1",
                "security_groups": [],
                "self": false,
                "to_port": 0
              }
            ],
            "id": "sg-06a393f2221ac1db2",
            "ingress": [
              {
                "cidr_blocks": [
                  "0.0.0.0/0"
                ],
                "description": "",
                "from_port": 80,
                "ipv6_cidr_blocks": [],
                "prefix_list_ids": [],
                "protocol": "tcp",
                "security_groups": [],
                "self": false,
                "to_port": 80
              },
              {
                "cidr_blocks": [],
                "description": "",
                "from_port": 22,
                "ipv6_cidr_blocks": [],
                "prefix_list_ids": [],
                "protocol": "tcp",
                "security_groups": [
                  "sg-00dfc377fc3b17569"
                ],
                "self": false,
                "to_port": 22
              }
            ],
            "name": "apache-server-sg",
            "name_prefix": null,
            "owner_id": "494225612607",
            "revoke_rules_on_delete": false,
            "tags": {},
            "timeouts": null,
            "vpc_id": "vpc-09ef29d809c36596d"
          },
          "private": "eyJlMmJmYjczMC1lY2FhLTExZTYtOGY4OC0zNDM2M2JjN2M0YzAiOnsiY3JlYXRlIjo2MDAwMDAwMDAwMDAsImRlbGV0ZSI6NjAwMDAwMDAwMDAwfSwic2NoZW1hX3ZlcnNpb24iOiIxIn0="
        }
      ]
    },
    {
      "module": "module.eks-bastion-us",
      "mode": "managed",
      "type": "aws_security_group",
      "name": "bastion-sg",
      "provider": "module.eks-bastion-us.provider.aws",
      "instances": [
        {
          "schema_version": 1,
          "attributes": {
            "arn": "arn:aws:ec2:us-east-1:494225612607:security-group/sg-00dfc377fc3b17569",
            "description": "Managed by Terraform",
            "egress": [
              {
                "cidr_blocks": [
                  "0.0.0.0/0"
                ],
                "description": "",
                "from_port": 0,
                "ipv6_cidr_blocks": [],
                "prefix_list_ids": [],
                "protocol": "-1",
                "security_groups": [],
                "self": false,
                "to_port": 0
              }
            ],
            "id": "sg-00dfc377fc3b17569",
            "ingress": [
              {
                "cidr_blocks": [
                  "0.0.0.0/0"
                ],
                "description": "",
                "from_port": 22,
                "ipv6_cidr_blocks": [],
                "prefix_list_ids": [],
                "protocol": "tcp",
                "security_groups": [],
                "self": false,
                "to_port": 22
              }
            ],
            "name": "bastion-sg",
            "name_prefix": null,
            "owner_id": "494225612607",
            "revoke_rules_on_delete": false,
            "tags": {},
            "timeouts": null,
            "vpc_id": "vpc-09ef29d809c36596d"
          },
          "private": "eyJlMmJmYjczMC1lY2FhLTExZTYtOGY4OC0zNDM2M2JjN2M0YzAiOnsiY3JlYXRlIjo2MDAwMDAwMDAwMDAsImRlbGV0ZSI6NjAwMDAwMDAwMDAwfSwic2NoZW1hX3ZlcnNpb24iOiIxIn0="
        }
      ]
    },
    {
      "module": "module.apache-lb",
      "mode": "managed",
      "type": "aws_security_group",
      "name": "lb_security_group",
      "provider": "provider.aws",
      "instances": [
        {
          "schema_version": 1,
          "attributes": {
            "arn": "arn:aws:ec2:us-east-1:494225612607:security-group/sg-0267a6f9340d76ad8",
            "description": "Security group for the load balancer",
            "egress": [
              {
                "cidr_blocks": [
                  "0.0.0.0/0"
                ],
                "description": "",
                "from_port": 0,
                "ipv6_cidr_blocks": [],
                "prefix_list_ids": [],
                "protocol": "-1",
                "security_groups": [],
                "self": false,
                "to_port": 0
              }
            ],
            "id": "sg-0267a6f9340d76ad8",
            "ingress": [
              {
                "cidr_blocks": [
                  "0.0.0.0/0",
                  "10.0.0.42/32"
                ],
                "description": "",
                "from_port": 80,
                "ipv6_cidr_blocks": [],
                "prefix_list_ids": [],
                "protocol": "tcp",
                "security_groups": [],
                "self": false,
                "to_port": 80
              }
            ],
            "name": "pgpcc-capston-lb-sg",
            "name_prefix": null,
            "owner_id": "494225612607",
            "revoke_rules_on_delete": false,
            "tags": {
              "Name": "lb_security_group"
            },
            "timeouts": null,
            "vpc_id": "vpc-09ef29d809c36596d"
          },
          "private": "eyJlMmJmYjczMC1lY2FhLTExZTYtOGY4OC0zNDM2M2JjN2M0YzAiOnsiY3JlYXRlIjo2MDAwMDAwMDAwMDAsImRlbGV0ZSI6NjAwMDAwMDAwMDAwfSwic2NoZW1hX3ZlcnNpb24iOiIxIn0="
        }
      ]
    },
    {
      "module": "module.apache-server",
      "mode": "managed",
      "type": "aws_security_group_rule",
      "name": "accesswebserver_open_to_all",
      "provider": "module.apache-server.provider.aws",
      "instances": [
        {
          "schema_version": 2,
          "attributes": {
            "cidr_blocks": [
              "0.0.0.0/0"
            ],
            "description": "",
            "from_port": 80,
            "id": "sgrule-683445895",
            "ipv6_cidr_blocks": [],
            "prefix_list_ids": [],
            "protocol": "tcp",
            "security_group_id": "sg-06a393f2221ac1db2",
            "self": false,
            "source_security_group_id": null,
            "to_port": 80,
            "type": "ingress"
          },
          "private": "eyJzY2hlbWFfdmVyc2lvbiI6IjIifQ==",
          "depends_on": [
            "aws_security_group.apache-server-sg"
          ]
        }
      ]
    },
    {
      "module": "module.apache-lb",
      "mode": "managed",
      "type": "aws_security_group_rule",
      "name": "allow_lb_https_inbound",
      "provider": "provider.aws",
      "instances": [
        {
          "schema_version": 2,
          "attributes": {
            "cidr_blocks": [
              "0.0.0.0/0"
            ],
            "description": "",
            "from_port": 80,
            "id": "sgrule-1368252456",
            "ipv6_cidr_blocks": [],
            "prefix_list_ids": [],
            "protocol": "tcp",
            "security_group_id": "sg-0267a6f9340d76ad8",
            "self": false,
            "source_security_group_id": null,
            "to_port": 80,
            "type": "ingress"
          },
          "private": "eyJzY2hlbWFfdmVyc2lvbiI6IjIifQ==",
          "depends_on": [
            "aws_security_group.lb_security_group"
          ]
        }
      ]
    },
    {
      "module": "module.apache-lb",
      "mode": "managed",
      "type": "aws_security_group_rule",
      "name": "allow_lb_https_inbound_jenkins",
      "provider": "provider.aws",
      "instances": [
        {
          "schema_version": 2,
          "attributes": {
            "cidr_blocks": [
              "10.0.0.77/32"
            ],
            "description": null,
            "from_port": 80,
            "id": "sgrule-3133989202",
            "ipv6_cidr_blocks": null,
            "prefix_list_ids": null,
            "protocol": "tcp",
            "security_group_id": "sg-0267a6f9340d76ad8",
            "self": false,
            "source_security_group_id": null,
            "to_port": 80,
            "type": "ingress"
          },
          "private": "eyJzY2hlbWFfdmVyc2lvbiI6IjIifQ==",
          "depends_on": [
            "aws_security_group.lb_security_group"
          ]
        }
      ]
    },
    {
      "module": "module.apache-lb",
      "mode": "managed",
      "type": "aws_security_group_rule",
      "name": "allow_lb_outbound",
      "provider": "provider.aws",
      "instances": [
        {
          "schema_version": 2,
          "attributes": {
            "cidr_blocks": [
              "0.0.0.0/0"
            ],
            "description": "",
            "from_port": 0,
            "id": "sgrule-1572062506",
            "ipv6_cidr_blocks": [],
            "prefix_list_ids": [],
            "protocol": "-1",
            "security_group_id": "sg-0267a6f9340d76ad8",
            "self": false,
            "source_security_group_id": null,
            "to_port": 0,
            "type": "egress"
          },
          "private": "eyJzY2hlbWFfdmVyc2lvbiI6IjIifQ==",
          "depends_on": [
            "aws_security_group.lb_security_group"
          ]
        }
      ]
    },
    {
      "module": "module.apache-server",
      "mode": "managed",
      "type": "aws_security_group_rule",
      "name": "ssh_from_bastion",
      "provider": "module.apache-server.provider.aws",
      "instances": [
        {
          "schema_version": 2,
          "attributes": {
            "cidr_blocks": [],
            "description": "",
            "from_port": 22,
            "id": "sgrule-366336043",
            "ipv6_cidr_blocks": [],
            "prefix_list_ids": [],
            "protocol": "tcp",
            "security_group_id": "sg-06a393f2221ac1db2",
            "self": false,
            "source_security_group_id": "sg-00dfc377fc3b17569",
            "to_port": 22,
            "type": "ingress"
          },
          "private": "eyJzY2hlbWFfdmVyc2lvbiI6IjIifQ==",
          "depends_on": [
            "aws_security_group.apache-server-sg"
          ]
        }
      ]
    },
    {
      "module": "module.vpc-us",
      "mode": "managed",
      "type": "aws_subnet",
      "name": "private_subnets",
      "each": "list",
      "provider": "module.vpc-us.provider.aws",
      "instances": [
        {
          "index_key": 0,
          "schema_version": 1,
          "attributes": {
            "arn": "arn:aws:ec2:us-east-1:494225612607:subnet/subnet-04a7c194d9f04b790",
            "assign_ipv6_address_on_creation": false,
            "availability_zone": "us-east-1a",
            "availability_zone_id": "use1-az6",
            "cidr_block": "10.0.0.0/24",
            "id": "subnet-04a7c194d9f04b790",
            "ipv6_cidr_block": "",
            "ipv6_cidr_block_association_id": "",
            "map_public_ip_on_launch": false,
            "owner_id": "494225612607",
            "tags": {
              "Name": "subnet-us-east-1-eks-0",
              "Type": "Private for eks"
            },
            "timeouts": null,
            "vpc_id": "vpc-09ef29d809c36596d"
          },
          "private": "eyJlMmJmYjczMC1lY2FhLTExZTYtOGY4OC0zNDM2M2JjN2M0YzAiOnsiY3JlYXRlIjo2MDAwMDAwMDAwMDAsImRlbGV0ZSI6MTIwMDAwMDAwMDAwMH0sInNjaGVtYV92ZXJzaW9uIjoiMSJ9",
          "depends_on": [
            "aws_vpc.pgpcc-capston-infra",
            "data.aws_availability_zones.available"
          ]
        },
        {
          "index_key": 1,
          "schema_version": 1,
          "attributes": {
            "arn": "arn:aws:ec2:us-east-1:494225612607:subnet/subnet-0ca88766a77bb9963",
            "assign_ipv6_address_on_creation": false,
            "availability_zone": "us-east-1b",
            "availability_zone_id": "use1-az1",
            "cidr_block": "10.0.1.0/24",
            "id": "subnet-0ca88766a77bb9963",
            "ipv6_cidr_block": "",
            "ipv6_cidr_block_association_id": "",
            "map_public_ip_on_launch": false,
            "owner_id": "494225612607",
            "tags": {
              "Name": "subnet-us-east-1-eks-1",
              "Type": "Private for eks"
            },
            "timeouts": null,
            "vpc_id": "vpc-09ef29d809c36596d"
          },
          "private": "eyJlMmJmYjczMC1lY2FhLTExZTYtOGY4OC0zNDM2M2JjN2M0YzAiOnsiY3JlYXRlIjo2MDAwMDAwMDAwMDAsImRlbGV0ZSI6MTIwMDAwMDAwMDAwMH0sInNjaGVtYV92ZXJzaW9uIjoiMSJ9",
          "depends_on": [
            "aws_vpc.pgpcc-capston-infra",
            "data.aws_availability_zones.available"
          ]
        },
        {
          "index_key": 2,
          "schema_version": 1,
          "attributes": {
            "arn": "arn:aws:ec2:us-east-1:494225612607:subnet/subnet-053ba2cb6a50dff25",
            "assign_ipv6_address_on_creation": false,
            "availability_zone": "us-east-1c",
            "availability_zone_id": "use1-az2",
            "cidr_block": "10.0.2.0/24",
            "id": "subnet-053ba2cb6a50dff25",
            "ipv6_cidr_block": "",
            "ipv6_cidr_block_association_id": "",
            "map_public_ip_on_launch": false,
            "owner_id": "494225612607",
            "tags": {
              "Name": "subnet-us-east-1-eks-2",
              "Type": "Private for eks"
            },
            "timeouts": null,
            "vpc_id": "vpc-09ef29d809c36596d"
          },
          "private": "eyJlMmJmYjczMC1lY2FhLTExZTYtOGY4OC0zNDM2M2JjN2M0YzAiOnsiY3JlYXRlIjo2MDAwMDAwMDAwMDAsImRlbGV0ZSI6MTIwMDAwMDAwMDAwMH0sInNjaGVtYV92ZXJzaW9uIjoiMSJ9",
          "depends_on": [
            "aws_vpc.pgpcc-capston-infra",
            "data.aws_availability_zones.available"
          ]
        }
      ]
    },
    {
      "module": "module.vpc-us",
      "mode": "managed",
      "type": "aws_subnet",
      "name": "public_subnet",
      "each": "list",
      "provider": "module.vpc-us.provider.aws",
      "instances": [
        {
          "index_key": 0,
          "schema_version": 1,
          "attributes": {
            "arn": "arn:aws:ec2:us-east-1:494225612607:subnet/subnet-01811508bd9ccb7db",
            "assign_ipv6_address_on_creation": false,
            "availability_zone": "us-east-1a",
            "availability_zone_id": "use1-az6",
            "cidr_block": "10.0.3.0/24",
            "id": "subnet-01811508bd9ccb7db",
            "ipv6_cidr_block": "",
            "ipv6_cidr_block_association_id": "",
            "map_public_ip_on_launch": false,
            "owner_id": "494225612607",
            "tags": {
              "Name": "subnet-us-east-1-public-0",
              "Type": "Public subnet"
            },
            "timeouts": null,
            "vpc_id": "vpc-09ef29d809c36596d"
          },
          "private": "eyJlMmJmYjczMC1lY2FhLTExZTYtOGY4OC0zNDM2M2JjN2M0YzAiOnsiY3JlYXRlIjo2MDAwMDAwMDAwMDAsImRlbGV0ZSI6MTIwMDAwMDAwMDAwMH0sInNjaGVtYV92ZXJzaW9uIjoiMSJ9",
          "depends_on": [
            "aws_vpc.pgpcc-capston-infra",
            "data.aws_availability_zones.available"
          ]
        },
        {
          "index_key": 1,
          "schema_version": 1,
          "attributes": {
            "arn": "arn:aws:ec2:us-east-1:494225612607:subnet/subnet-0e07ff0e956229cda",
            "assign_ipv6_address_on_creation": false,
            "availability_zone": "us-east-1b",
            "availability_zone_id": "use1-az1",
            "cidr_block": "10.0.4.0/24",
            "id": "subnet-0e07ff0e956229cda",
            "ipv6_cidr_block": "",
            "ipv6_cidr_block_association_id": "",
            "map_public_ip_on_launch": false,
            "owner_id": "494225612607",
            "tags": {
              "Name": "subnet-us-east-1-public-1",
              "Type": "Public subnet"
            },
            "timeouts": null,
            "vpc_id": "vpc-09ef29d809c36596d"
          },
          "private": "eyJlMmJmYjczMC1lY2FhLTExZTYtOGY4OC0zNDM2M2JjN2M0YzAiOnsiY3JlYXRlIjo2MDAwMDAwMDAwMDAsImRlbGV0ZSI6MTIwMDAwMDAwMDAwMH0sInNjaGVtYV92ZXJzaW9uIjoiMSJ9",
          "depends_on": [
            "aws_vpc.pgpcc-capston-infra",
            "data.aws_availability_zones.available"
          ]
        }
      ]
    },
    {
      "module": "module.vpc-us",
      "mode": "managed",
      "type": "aws_vpc",
      "name": "pgpcc-capston-infra",
      "provider": "module.vpc-us.provider.aws",
      "instances": [
        {
          "schema_version": 1,
          "attributes": {
            "arn": "arn:aws:ec2:us-east-1:494225612607:vpc/vpc-09ef29d809c36596d",
            "assign_generated_ipv6_cidr_block": false,
            "cidr_block": "10.0.0.0/16",
            "default_network_acl_id": "acl-0f49c3f7d8d8b4b3e",
            "default_route_table_id": "rtb-0602a960a5f793b57",
            "default_security_group_id": "sg-03264dbbbf9e35598",
            "dhcp_options_id": "dopt-b2560dc9",
            "enable_classiclink": false,
            "enable_classiclink_dns_support": false,
            "enable_dns_hostnames": false,
            "enable_dns_support": true,
            "id": "vpc-09ef29d809c36596d",
            "instance_tenancy": "default",
            "ipv6_association_id": "",
            "ipv6_cidr_block": "",
            "main_route_table_id": "rtb-0602a960a5f793b57",
            "owner_id": "494225612607",
            "tags": {
              "Name": "us-east-1-pgpcc-capston"
            }
          },
          "private": "eyJzY2hlbWFfdmVyc2lvbiI6IjEifQ=="
        }
      ]
    }
  ]
}
